// !$*UTF8*$!
{
	archiveVersion = 1;
	classes = {
	};
	objectVersion = 46;
	objects = {

/* Begin PBXBuildFile section */
		480FEDB21C54B3DF005594F1 /* AppDelegate.swift in Sources */ = {isa = PBXBuildFile; fileRef = 480FEDB11C54B3DF005594F1 /* AppDelegate.swift */; };
		480FEDB71C54B3DF005594F1 /* Main.storyboard in Resources */ = {isa = PBXBuildFile; fileRef = 480FEDB51C54B3DF005594F1 /* Main.storyboard */; };
		480FEDBC1C54B3DF005594F1 /* Assets.xcassets in Resources */ = {isa = PBXBuildFile; fileRef = 480FEDBB1C54B3DF005594F1 /* Assets.xcassets */; };
		480FEDBF1C54B3DF005594F1 /* LaunchScreen.storyboard in Resources */ = {isa = PBXBuildFile; fileRef = 480FEDBD1C54B3DF005594F1 /* LaunchScreen.storyboard */; };
		480FEDCA1C54B3DF005594F1 /* OneTrickPony_PodcasterTests.swift in Sources */ = {isa = PBXBuildFile; fileRef = 480FEDC91C54B3DF005594F1 /* OneTrickPony_PodcasterTests.swift */; };
		480FEDD51C54B3DF005594F1 /* OneTrickPony_PodcasterUITests.swift in Sources */ = {isa = PBXBuildFile; fileRef = 480FEDD41C54B3DF005594F1 /* OneTrickPony_PodcasterUITests.swift */; };
		480FEDE71C54C65A005594F1 /* EpisodesTableViewController.swift in Sources */ = {isa = PBXBuildFile; fileRef = 480FEDE61C54C65A005594F1 /* EpisodesTableViewController.swift */; };
		480FEDE91C5518A4005594F1 /* EpisodesClass.swift in Sources */ = {isa = PBXBuildFile; fileRef = 480FEDE81C5518A4005594F1 /* EpisodesClass.swift */; };
		480FEDEB1C5540B7005594F1 /* EpisodeViewController.swift in Sources */ = {isa = PBXBuildFile; fileRef = 480FEDEA1C5540B7005594F1 /* EpisodeViewController.swift */; };
		480FEDED1C580CCA005594F1 /* SettingsTableViewController.swift in Sources */ = {isa = PBXBuildFile; fileRef = 480FEDEC1C580CCA005594F1 /* SettingsTableViewController.swift */; };
		480FEDF31C5A7E8A005594F1 /* EpisodesTableCell.swift in Sources */ = {isa = PBXBuildFile; fileRef = 480FEDF21C5A7E8A005594F1 /* EpisodesTableCell.swift */; };
		4821D4CD1C764D920004DF4A /* supportfunctions.swift in Sources */ = {isa = PBXBuildFile; fileRef = 4821D4CC1C764D920004DF4A /* supportfunctions.swift */; };
		484F93DF1C8361FD009DC869 /* feed.xml in Resources */ = {isa = PBXBuildFile; fileRef = 484F93DE1C8361FD009DC869 /* feed.xml */; };
		4861C8E31CB4CB1A00AD4D3F /* InfoPlist.strings in Resources */ = {isa = PBXBuildFile; fileRef = 4861C8E51CB4CB1A00AD4D3F /* InfoPlist.strings */; };
		4861C8E81CB4CB1B00AD4D3F /* Localizable.strings in Resources */ = {isa = PBXBuildFile; fileRef = 4861C8EA1CB4CB1B00AD4D3F /* Localizable.strings */; };
		489B44F51C6BB1B900CC5326 /* License in Resources */ = {isa = PBXBuildFile; fileRef = 489B44F41C6BB1B900CC5326 /* License */; };
		48A767501C7A07D100E6B485 /* ChapterMarksViewController.swift in Sources */ = {isa = PBXBuildFile; fileRef = 48A7674F1C7A07D100E6B485 /* ChapterMarksViewController.swift */; };
		48A767561C7A2F8800E6B485 /* pushSound.m4a in Resources */ = {isa = PBXBuildFile; fileRef = 48A767551C7A2F8800E6B485 /* pushSound.m4a */; };
		48D2205D1CA485B7005BA209 /* InterfaceGenerator.swift in Sources */ = {isa = PBXBuildFile; fileRef = 48D2205C1CA485B7005BA209 /* InterfaceGenerator.swift */; };
		48DB59841C5D51B60041F4AC /* Singleton.swift in Sources */ = {isa = PBXBuildFile; fileRef = 48DB59831C5D51B60041F4AC /* Singleton.swift */; };
		48DB59871C61C6700041F4AC /* PodcastSettings.plist in Resources */ = {isa = PBXBuildFile; fileRef = 48DB59861C61C6700041F4AC /* PodcastSettings.plist */; };
		48E5B3AC1C69062800D06BAC /* Download.swift in Sources */ = {isa = PBXBuildFile; fileRef = 48E5B3AB1C69062800D06BAC /* Download.swift */; };
/* End PBXBuildFile section */

/* Begin PBXContainerItemProxy section */
		480FEDC61C54B3DF005594F1 /* PBXContainerItemProxy */ = {
			isa = PBXContainerItemProxy;
			containerPortal = 480FEDA61C54B3DF005594F1 /* Project object */;
			proxyType = 1;
			remoteGlobalIDString = 480FEDAD1C54B3DF005594F1;
			remoteInfo = OneTrickPony_Podcaster;
		};
		480FEDD11C54B3DF005594F1 /* PBXContainerItemProxy */ = {
			isa = PBXContainerItemProxy;
			containerPortal = 480FEDA61C54B3DF005594F1 /* Project object */;
			proxyType = 1;
			remoteGlobalIDString = 480FEDAD1C54B3DF005594F1;
			remoteInfo = OneTrickPony_Podcaster;
		};
/* End PBXContainerItemProxy section */

/* Begin PBXFileReference section */
		480FEDAE1C54B3DF005594F1 /* DML.app */ = {isa = PBXFileReference; explicitFileType = wrapper.application; includeInIndex = 0; path = DML.app; sourceTree = BUILT_PRODUCTS_DIR; };
		480FEDB11C54B3DF005594F1 /* AppDelegate.swift */ = {isa = PBXFileReference; lastKnownFileType = sourcecode.swift; path = AppDelegate.swift; sourceTree = "<group>"; };
		480FEDB61C54B3DF005594F1 /* Base */ = {isa = PBXFileReference; lastKnownFileType = file.storyboard; name = Base; path = Base.lproj/Main.storyboard; sourceTree = "<group>"; };
		480FEDBB1C54B3DF005594F1 /* Assets.xcassets */ = {isa = PBXFileReference; lastKnownFileType = folder.assetcatalog; path = Assets.xcassets; sourceTree = "<group>"; };
		480FEDBE1C54B3DF005594F1 /* Base */ = {isa = PBXFileReference; lastKnownFileType = file.storyboard; name = Base; path = Base.lproj/LaunchScreen.storyboard; sourceTree = "<group>"; };
		480FEDC01C54B3DF005594F1 /* Info.plist */ = {isa = PBXFileReference; lastKnownFileType = text.plist.xml; path = Info.plist; sourceTree = "<group>"; };
		480FEDC51C54B3DF005594F1 /* OneTrickPony_PodcasterTests.xctest */ = {isa = PBXFileReference; explicitFileType = wrapper.cfbundle; includeInIndex = 0; path = OneTrickPony_PodcasterTests.xctest; sourceTree = BUILT_PRODUCTS_DIR; };
		480FEDC91C54B3DF005594F1 /* OneTrickPony_PodcasterTests.swift */ = {isa = PBXFileReference; lastKnownFileType = sourcecode.swift; path = OneTrickPony_PodcasterTests.swift; sourceTree = "<group>"; };
		480FEDCB1C54B3DF005594F1 /* Info.plist */ = {isa = PBXFileReference; lastKnownFileType = text.plist.xml; path = Info.plist; sourceTree = "<group>"; };
		480FEDD01C54B3DF005594F1 /* OneTrickPony_PodcasterUITests.xctest */ = {isa = PBXFileReference; explicitFileType = wrapper.cfbundle; includeInIndex = 0; path = OneTrickPony_PodcasterUITests.xctest; sourceTree = BUILT_PRODUCTS_DIR; };
		480FEDD41C54B3DF005594F1 /* OneTrickPony_PodcasterUITests.swift */ = {isa = PBXFileReference; lastKnownFileType = sourcecode.swift; path = OneTrickPony_PodcasterUITests.swift; sourceTree = "<group>"; };
		480FEDD61C54B3DF005594F1 /* Info.plist */ = {isa = PBXFileReference; lastKnownFileType = text.plist.xml; path = Info.plist; sourceTree = "<group>"; };
		480FEDE61C54C65A005594F1 /* EpisodesTableViewController.swift */ = {isa = PBXFileReference; fileEncoding = 4; lastKnownFileType = sourcecode.swift; path = EpisodesTableViewController.swift; sourceTree = "<group>"; };
		480FEDE81C5518A4005594F1 /* EpisodesClass.swift */ = {isa = PBXFileReference; fileEncoding = 4; lastKnownFileType = sourcecode.swift; path = EpisodesClass.swift; sourceTree = "<group>"; };
		480FEDEA1C5540B7005594F1 /* EpisodeViewController.swift */ = {isa = PBXFileReference; fileEncoding = 4; lastKnownFileType = sourcecode.swift; path = EpisodeViewController.swift; sourceTree = "<group>"; };
		480FEDEC1C580CCA005594F1 /* SettingsTableViewController.swift */ = {isa = PBXFileReference; fileEncoding = 4; lastKnownFileType = sourcecode.swift; path = SettingsTableViewController.swift; sourceTree = "<group>"; };
		480FEDF21C5A7E8A005594F1 /* EpisodesTableCell.swift */ = {isa = PBXFileReference; fileEncoding = 4; lastKnownFileType = sourcecode.swift; path = EpisodesTableCell.swift; sourceTree = "<group>"; };
		4821D4CC1C764D920004DF4A /* supportfunctions.swift */ = {isa = PBXFileReference; fileEncoding = 4; lastKnownFileType = sourcecode.swift; path = supportfunctions.swift; sourceTree = "<group>"; };
		484F93DE1C8361FD009DC869 /* feed.xml */ = {isa = PBXFileReference; fileEncoding = 4; lastKnownFileType = text.xml; path = feed.xml; sourceTree = "<group>"; };
		4861C8E01CB4CAC400AD4D3F /* de */ = {isa = PBXFileReference; lastKnownFileType = text.plist.strings; name = de; path = de.lproj/Main.strings; sourceTree = "<group>"; };
		4861C8E41CB4CB1A00AD4D3F /* de */ = {isa = PBXFileReference; lastKnownFileType = text.plist.strings; name = de; path = de.lproj/InfoPlist.strings; sourceTree = "<group>"; };
		4861C8E91CB4CB1B00AD4D3F /* de */ = {isa = PBXFileReference; name = de; path = de.lproj/Localizable.strings; sourceTree = "<group>"; };
		489B44F41C6BB1B900CC5326 /* License */ = {isa = PBXFileReference; fileEncoding = 4; lastKnownFileType = text; path = License; sourceTree = "<group>"; };
		48A7674F1C7A07D100E6B485 /* ChapterMarksViewController.swift */ = {isa = PBXFileReference; fileEncoding = 4; lastKnownFileType = sourcecode.swift; path = ChapterMarksViewController.swift; sourceTree = "<group>"; };
		48A767551C7A2F8800E6B485 /* pushSound.m4a */ = {isa = PBXFileReference; lastKnownFileType = file; path = pushSound.m4a; sourceTree = "<group>"; };
		48D2205C1CA485B7005BA209 /* InterfaceGenerator.swift */ = {isa = PBXFileReference; fileEncoding = 4; lastKnownFileType = sourcecode.swift; path = InterfaceGenerator.swift; sourceTree = "<group>"; };
		48DB59831C5D51B60041F4AC /* Singleton.swift */ = {isa = PBXFileReference; fileEncoding = 4; lastKnownFileType = sourcecode.swift; path = Singleton.swift; sourceTree = "<group>"; };
		48DB59861C61C6700041F4AC /* PodcastSettings.plist */ = {isa = PBXFileReference; fileEncoding = 4; lastKnownFileType = text.plist.xml; name = PodcastSettings.plist; path = ../PodcastSettings.plist; sourceTree = "<group>"; };
		48E5B3AB1C69062800D06BAC /* Download.swift */ = {isa = PBXFileReference; fileEncoding = 4; lastKnownFileType = sourcecode.swift; path = Download.swift; sourceTree = "<group>"; };
/* End PBXFileReference section */

/* Begin PBXFrameworksBuildPhase section */
		480FEDAB1C54B3DF005594F1 /* Frameworks */ = {
			isa = PBXFrameworksBuildPhase;
			buildActionMask = 2147483647;
			files = (
			);
			runOnlyForDeploymentPostprocessing = 0;
		};
		480FEDC21C54B3DF005594F1 /* Frameworks */ = {
			isa = PBXFrameworksBuildPhase;
			buildActionMask = 2147483647;
			files = (
			);
			runOnlyForDeploymentPostprocessing = 0;
		};
		480FEDCD1C54B3DF005594F1 /* Frameworks */ = {
			isa = PBXFrameworksBuildPhase;
			buildActionMask = 2147483647;
			files = (
			);
			runOnlyForDeploymentPostprocessing = 0;
		};
/* End PBXFrameworksBuildPhase section */

/* Begin PBXGroup section */
		480FEDA51C54B3DF005594F1 = {
			isa = PBXGroup;
			children = (
				480FEDB01C54B3DF005594F1 /* OneTrickPony_Podcaster */,
				480FEDC81C54B3DF005594F1 /* OneTrickPony_PodcasterTests */,
				480FEDD31C54B3DF005594F1 /* OneTrickPony_PodcasterUITests */,
				480FEDAF1C54B3DF005594F1 /* Products */,
			);
			sourceTree = "<group>";
		};
		480FEDAF1C54B3DF005594F1 /* Products */ = {
			isa = PBXGroup;
			children = (
				480FEDAE1C54B3DF005594F1 /* DML.app */,
				480FEDC51C54B3DF005594F1 /* OneTrickPony_PodcasterTests.xctest */,
				480FEDD01C54B3DF005594F1 /* OneTrickPony_PodcasterUITests.xctest */,
			);
			name = Products;
			sourceTree = "<group>";
		};
		480FEDB01C54B3DF005594F1 /* OneTrickPony_Podcaster */ = {
			isa = PBXGroup;
			children = (
				480FEDB51C54B3DF005594F1 /* Main.storyboard */,
				48A767571C7A2FA100E6B485 /* Customization_Per_Podcast */,
				480FEDB11C54B3DF005594F1 /* AppDelegate.swift */,
				480FEDE61C54C65A005594F1 /* EpisodesTableViewController.swift */,
				480FEDF21C5A7E8A005594F1 /* EpisodesTableCell.swift */,
				48E5B3AB1C69062800D06BAC /* Download.swift */,
				480FEDE81C5518A4005594F1 /* EpisodesClass.swift */,
				480FEDEA1C5540B7005594F1 /* EpisodeViewController.swift */,
				48A7674F1C7A07D100E6B485 /* ChapterMarksViewController.swift */,
				48DB59831C5D51B60041F4AC /* Singleton.swift */,
				480FEDEC1C580CCA005594F1 /* SettingsTableViewController.swift */,
				489B44F41C6BB1B900CC5326 /* License */,
				4821D4CC1C764D920004DF4A /* supportfunctions.swift */,
				48D2205C1CA485B7005BA209 /* InterfaceGenerator.swift */,
			);
			path = OneTrickPony_Podcaster;
			sourceTree = "<group>";
		};
		480FEDC81C54B3DF005594F1 /* OneTrickPony_PodcasterTests */ = {
			isa = PBXGroup;
			children = (
				4861C8E51CB4CB1A00AD4D3F /* InfoPlist.strings */,
				480FEDC91C54B3DF005594F1 /* OneTrickPony_PodcasterTests.swift */,
				480FEDCB1C54B3DF005594F1 /* Info.plist */,
			);
			path = OneTrickPony_PodcasterTests;
			sourceTree = "<group>";
		};
		480FEDD31C54B3DF005594F1 /* OneTrickPony_PodcasterUITests */ = {
			isa = PBXGroup;
			children = (
				480FEDD41C54B3DF005594F1 /* OneTrickPony_PodcasterUITests.swift */,
				480FEDD61C54B3DF005594F1 /* Info.plist */,
			);
			path = OneTrickPony_PodcasterUITests;
			sourceTree = "<group>";
		};
		48A767571C7A2FA100E6B485 /* Customization_Per_Podcast */ = {
			isa = PBXGroup;
			children = (
				4861C8EA1CB4CB1B00AD4D3F /* Localizable.strings */,
				480FEDC01C54B3DF005594F1 /* Info.plist */,
				480FEDBB1C54B3DF005594F1 /* Assets.xcassets */,
				480FEDBD1C54B3DF005594F1 /* LaunchScreen.storyboard */,
				48A767551C7A2F8800E6B485 /* pushSound.m4a */,
				484F93DE1C8361FD009DC869 /* feed.xml */,
				48DB59861C61C6700041F4AC /* PodcastSettings.plist */,
			);
			name = Customization_Per_Podcast;
			sourceTree = "<group>";
		};
/* End PBXGroup section */

/* Begin PBXNativeTarget section */
		480FEDAD1C54B3DF005594F1 /* OneTrickPony_Podcaster */ = {
			isa = PBXNativeTarget;
			buildConfigurationList = 480FEDD91C54B3DF005594F1 /* Build configuration list for PBXNativeTarget "OneTrickPony_Podcaster" */;
			buildPhases = (
				480FEDAA1C54B3DF005594F1 /* Sources */,
				480FEDAB1C54B3DF005594F1 /* Frameworks */,
				480FEDAC1C54B3DF005594F1 /* Resources */,
			);
			buildRules = (
			);
			dependencies = (
			);
			name = OneTrickPony_Podcaster;
			productName = OneTrickPony_Podcaster;
			productReference = 480FEDAE1C54B3DF005594F1 /* DML.app */;
			productType = "com.apple.product-type.application";
		};
		480FEDC41C54B3DF005594F1 /* OneTrickPony_PodcasterTests */ = {
			isa = PBXNativeTarget;
			buildConfigurationList = 480FEDDC1C54B3DF005594F1 /* Build configuration list for PBXNativeTarget "OneTrickPony_PodcasterTests" */;
			buildPhases = (
				480FEDC11C54B3DF005594F1 /* Sources */,
				480FEDC21C54B3DF005594F1 /* Frameworks */,
				480FEDC31C54B3DF005594F1 /* Resources */,
			);
			buildRules = (
			);
			dependencies = (
				480FEDC71C54B3DF005594F1 /* PBXTargetDependency */,
			);
			name = OneTrickPony_PodcasterTests;
			productName = OneTrickPony_PodcasterTests;
			productReference = 480FEDC51C54B3DF005594F1 /* OneTrickPony_PodcasterTests.xctest */;
			productType = "com.apple.product-type.bundle.unit-test";
		};
		480FEDCF1C54B3DF005594F1 /* OneTrickPony_PodcasterUITests */ = {
			isa = PBXNativeTarget;
			buildConfigurationList = 480FEDDF1C54B3DF005594F1 /* Build configuration list for PBXNativeTarget "OneTrickPony_PodcasterUITests" */;
			buildPhases = (
				480FEDCC1C54B3DF005594F1 /* Sources */,
				480FEDCD1C54B3DF005594F1 /* Frameworks */,
				480FEDCE1C54B3DF005594F1 /* Resources */,
			);
			buildRules = (
			);
			dependencies = (
				480FEDD21C54B3DF005594F1 /* PBXTargetDependency */,
			);
			name = OneTrickPony_PodcasterUITests;
			productName = OneTrickPony_PodcasterUITests;
			productReference = 480FEDD01C54B3DF005594F1 /* OneTrickPony_PodcasterUITests.xctest */;
			productType = "com.apple.product-type.bundle.ui-testing";
		};
/* End PBXNativeTarget section */

/* Begin PBXProject section */
		480FEDA61C54B3DF005594F1 /* Project object */ = {
			isa = PBXProject;
			attributes = {
				LastSwiftUpdateCheck = 0720;
				LastUpgradeCheck = 0720;
				ORGANIZATIONNAME = "Holger Krupp";
				TargetAttributes = {
					480FEDAD1C54B3DF005594F1 = {
						CreatedOnToolsVersion = 7.2;
						DevelopmentTeam = 46D3VYP253;
						SystemCapabilities = {
							com.apple.BackgroundModes = {
								enabled = 1;
							};
							com.apple.Push = {
								enabled = 1;
							};
						};
					};
					480FEDC41C54B3DF005594F1 = {
						CreatedOnToolsVersion = 7.2;
						DevelopmentTeam = 46D3VYP253;
						TestTargetID = 480FEDAD1C54B3DF005594F1;
					};
					480FEDCF1C54B3DF005594F1 = {
						CreatedOnToolsVersion = 7.2;
						DevelopmentTeam = 46D3VYP253;
						TestTargetID = 480FEDAD1C54B3DF005594F1;
					};
				};
			};
			buildConfigurationList = 480FEDA91C54B3DF005594F1 /* Build configuration list for PBXProject "DML" */;
			compatibilityVersion = "Xcode 3.2";
			developmentRegion = English;
			hasScannedForEncodings = 0;
			knownRegions = (
				en,
				Base,
			);
			mainGroup = 480FEDA51C54B3DF005594F1;
			productRefGroup = 480FEDAF1C54B3DF005594F1 /* Products */;
			projectDirPath = "";
			projectRoot = "";
			targets = (
				480FEDAD1C54B3DF005594F1 /* OneTrickPony_Podcaster */,
				480FEDC41C54B3DF005594F1 /* OneTrickPony_PodcasterTests */,
				480FEDCF1C54B3DF005594F1 /* OneTrickPony_PodcasterUITests */,
			);
		};
/* End PBXProject section */

/* Begin PBXResourcesBuildPhase section */
		480FEDAC1C54B3DF005594F1 /* Resources */ = {
			isa = PBXResourcesBuildPhase;
			buildActionMask = 2147483647;
			files = (
				489B44F51C6BB1B900CC5326 /* License in Resources */,
				48DB59871C61C6700041F4AC /* PodcastSettings.plist in Resources */,
				484F93DF1C8361FD009DC869 /* feed.xml in Resources */,
				480FEDBF1C54B3DF005594F1 /* LaunchScreen.storyboard in Resources */,
				48A767561C7A2F8800E6B485 /* pushSound.m4a in Resources */,
				4861C8E81CB4CB1B00AD4D3F /* Localizable.strings in Resources */,
				480FEDBC1C54B3DF005594F1 /* Assets.xcassets in Resources */,
				480FEDB71C54B3DF005594F1 /* Main.storyboard in Resources */,
			);
			runOnlyForDeploymentPostprocessing = 0;
		};
		480FEDC31C54B3DF005594F1 /* Resources */ = {
			isa = PBXResourcesBuildPhase;
			buildActionMask = 2147483647;
			files = (
				4861C8E31CB4CB1A00AD4D3F /* InfoPlist.strings in Resources */,
			);
			runOnlyForDeploymentPostprocessing = 0;
		};
		480FEDCE1C54B3DF005594F1 /* Resources */ = {
			isa = PBXResourcesBuildPhase;
			buildActionMask = 2147483647;
			files = (
			);
			runOnlyForDeploymentPostprocessing = 0;
		};
/* End PBXResourcesBuildPhase section */

/* Begin PBXSourcesBuildPhase section */
		480FEDAA1C54B3DF005594F1 /* Sources */ = {
			isa = PBXSourcesBuildPhase;
			buildActionMask = 2147483647;
			files = (
				48E5B3AC1C69062800D06BAC /* Download.swift in Sources */,
				480FEDE91C5518A4005594F1 /* EpisodesClass.swift in Sources */,
				48DB59841C5D51B60041F4AC /* Singleton.swift in Sources */,
				48D2205D1CA485B7005BA209 /* InterfaceGenerator.swift in Sources */,
				480FEDE71C54C65A005594F1 /* EpisodesTableViewController.swift in Sources */,
				48A767501C7A07D100E6B485 /* ChapterMarksViewController.swift in Sources */,
				480FEDED1C580CCA005594F1 /* SettingsTableViewController.swift in Sources */,
				480FEDB21C54B3DF005594F1 /* AppDelegate.swift in Sources */,
				480FEDF31C5A7E8A005594F1 /* EpisodesTableCell.swift in Sources */,
				480FEDEB1C5540B7005594F1 /* EpisodeViewController.swift in Sources */,
				4821D4CD1C764D920004DF4A /* supportfunctions.swift in Sources */,
			);
			runOnlyForDeploymentPostprocessing = 0;
		};
		480FEDC11C54B3DF005594F1 /* Sources */ = {
			isa = PBXSourcesBuildPhase;
			buildActionMask = 2147483647;
			files = (
				480FEDCA1C54B3DF005594F1 /* OneTrickPony_PodcasterTests.swift in Sources */,
			);
			runOnlyForDeploymentPostprocessing = 0;
		};
		480FEDCC1C54B3DF005594F1 /* Sources */ = {
			isa = PBXSourcesBuildPhase;
			buildActionMask = 2147483647;
			files = (
				480FEDD51C54B3DF005594F1 /* OneTrickPony_PodcasterUITests.swift in Sources */,
			);
			runOnlyForDeploymentPostprocessing = 0;
		};
/* End PBXSourcesBuildPhase section */

/* Begin PBXTargetDependency section */
		480FEDC71C54B3DF005594F1 /* PBXTargetDependency */ = {
			isa = PBXTargetDependency;
			target = 480FEDAD1C54B3DF005594F1 /* OneTrickPony_Podcaster */;
			targetProxy = 480FEDC61C54B3DF005594F1 /* PBXContainerItemProxy */;
		};
		480FEDD21C54B3DF005594F1 /* PBXTargetDependency */ = {
			isa = PBXTargetDependency;
			target = 480FEDAD1C54B3DF005594F1 /* OneTrickPony_Podcaster */;
			targetProxy = 480FEDD11C54B3DF005594F1 /* PBXContainerItemProxy */;
		};
/* End PBXTargetDependency section */

/* Begin PBXVariantGroup section */
		480FEDB51C54B3DF005594F1 /* Main.storyboard */ = {
			isa = PBXVariantGroup;
			children = (
				480FEDB61C54B3DF005594F1 /* Base */,
				4861C8E01CB4CAC400AD4D3F /* de */,
			);
			name = Main.storyboard;
			sourceTree = "<group>";
		};
		480FEDBD1C54B3DF005594F1 /* LaunchScreen.storyboard */ = {
			isa = PBXVariantGroup;
			children = (
				480FEDBE1C54B3DF005594F1 /* Base */,
			);
			name = LaunchScreen.storyboard;
			sourceTree = "<group>";
		};
		4861C8E51CB4CB1A00AD4D3F /* InfoPlist.strings */ = {
			isa = PBXVariantGroup;
			children = (
				4861C8E41CB4CB1A00AD4D3F /* de */,
			);
			name = InfoPlist.strings;
			sourceTree = "<group>";
		};
		4861C8EA1CB4CB1B00AD4D3F /* Localizable.strings */ = {
			isa = PBXVariantGroup;
			children = (
				4861C8E91CB4CB1B00AD4D3F /* de */,
			);
			name = Localizable.strings;
			sourceTree = "<group>";
		};
/* End PBXVariantGroup section */

/* Begin XCBuildConfiguration section */
		480FEDD71C54B3DF005594F1 /* Debug */ = {
			isa = XCBuildConfiguration;
			buildSettings = {
				ALWAYS_SEARCH_USER_PATHS = NO;
				CLANG_CXX_LANGUAGE_STANDARD = "gnu++0x";
				CLANG_CXX_LIBRARY = "libc++";
				CLANG_ENABLE_MODULES = YES;
				CLANG_ENABLE_OBJC_ARC = YES;
				CLANG_WARN_BOOL_CONVERSION = YES;
				CLANG_WARN_CONSTANT_CONVERSION = YES;
				CLANG_WARN_DIRECT_OBJC_ISA_USAGE = YES_ERROR;
				CLANG_WARN_EMPTY_BODY = YES;
				CLANG_WARN_ENUM_CONVERSION = YES;
				CLANG_WARN_INT_CONVERSION = YES;
				CLANG_WARN_OBJC_ROOT_CLASS = YES_ERROR;
				CLANG_WARN_UNREACHABLE_CODE = YES;
				CLANG_WARN__DUPLICATE_METHOD_MATCH = YES;
				"CODE_SIGN_IDENTITY[sdk=iphoneos*]" = "iPhone Developer";
				COPY_PHASE_STRIP = NO;
				DEBUG_INFORMATION_FORMAT = dwarf;
				ENABLE_STRICT_OBJC_MSGSEND = YES;
				ENABLE_TESTABILITY = YES;
				GCC_C_LANGUAGE_STANDARD = gnu99;
				GCC_DYNAMIC_NO_PIC = NO;
				GCC_NO_COMMON_BLOCKS = YES;
				GCC_OPTIMIZATION_LEVEL = 0;
				GCC_PREPROCESSOR_DEFINITIONS = (
					"DEBUG=1",
					"$(inherited)",
				);
				GCC_WARN_64_TO_32_BIT_CONVERSION = YES;
				GCC_WARN_ABOUT_RETURN_TYPE = YES_ERROR;
				GCC_WARN_UNDECLARED_SELECTOR = YES;
				GCC_WARN_UNINITIALIZED_AUTOS = YES_AGGRESSIVE;
				GCC_WARN_UNUSED_FUNCTION = YES;
				GCC_WARN_UNUSED_VARIABLE = YES;
				IPHONEOS_DEPLOYMENT_TARGET = 8.0;
				MTL_ENABLE_DEBUG_INFO = YES;
				ONLY_ACTIVE_ARCH = YES;
				SDKROOT = iphoneos;
				SWIFT_OPTIMIZATION_LEVEL = "-Onone";
			};
			name = Debug;
		};
		480FEDD81C54B3DF005594F1 /* Release */ = {
			isa = XCBuildConfiguration;
			buildSettings = {
				ALWAYS_SEARCH_USER_PATHS = NO;
				CLANG_CXX_LANGUAGE_STANDARD = "gnu++0x";
				CLANG_CXX_LIBRARY = "libc++";
				CLANG_ENABLE_MODULES = YES;
				CLANG_ENABLE_OBJC_ARC = YES;
				CLANG_WARN_BOOL_CONVERSION = YES;
				CLANG_WARN_CONSTANT_CONVERSION = YES;
				CLANG_WARN_DIRECT_OBJC_ISA_USAGE = YES_ERROR;
				CLANG_WARN_EMPTY_BODY = YES;
				CLANG_WARN_ENUM_CONVERSION = YES;
				CLANG_WARN_INT_CONVERSION = YES;
				CLANG_WARN_OBJC_ROOT_CLASS = YES_ERROR;
				CLANG_WARN_UNREACHABLE_CODE = YES;
				CLANG_WARN__DUPLICATE_METHOD_MATCH = YES;
				CODE_SIGN_IDENTITY = "iPhone Distribution";
				"CODE_SIGN_IDENTITY[sdk=iphoneos*]" = "iPhone Distribution";
				COPY_PHASE_STRIP = NO;
				DEBUG_INFORMATION_FORMAT = "dwarf-with-dsym";
				ENABLE_NS_ASSERTIONS = NO;
				ENABLE_STRICT_OBJC_MSGSEND = YES;
				GCC_C_LANGUAGE_STANDARD = gnu99;
				GCC_NO_COMMON_BLOCKS = YES;
				GCC_OPTIMIZATION_LEVEL = 0;
				GCC_WARN_64_TO_32_BIT_CONVERSION = YES;
				GCC_WARN_ABOUT_RETURN_TYPE = YES_ERROR;
				GCC_WARN_UNDECLARED_SELECTOR = YES;
				GCC_WARN_UNINITIALIZED_AUTOS = YES_AGGRESSIVE;
				GCC_WARN_UNUSED_FUNCTION = YES;
				GCC_WARN_UNUSED_VARIABLE = YES;
				IPHONEOS_DEPLOYMENT_TARGET = 8.0;
				MTL_ENABLE_DEBUG_INFO = NO;
				SDKROOT = iphoneos;
				SWIFT_OPTIMIZATION_LEVEL = "-Onone";
				VALIDATE_PRODUCT = YES;
			};
			name = Release;
		};
		480FEDDA1C54B3DF005594F1 /* Debug */ = {
			isa = XCBuildConfiguration;
			buildSettings = {
				ASSETCATALOG_COMPILER_APPICON_NAME = AppIcon;
				CODE_SIGN_IDENTITY = "iPhone Developer";
				"CODE_SIGN_IDENTITY[sdk=iphoneos*]" = "iPhone Developer";
				INFOPLIST_FILE = OneTrickPony_Podcaster/Info.plist;
				IPHONEOS_DEPLOYMENT_TARGET = 8.0;
				LD_RUNPATH_SEARCH_PATHS = "$(inherited) @executable_path/Frameworks";
				ONLY_ACTIVE_ARCH = NO;
				PRODUCT_BUNDLE_IDENTIFIER = de.holgerkrupp.DML;
				PRODUCT_NAME = DML;
				PROVISIONING_PROFILE = "";
				STRIP_INSTALLED_PRODUCT = NO;
				STRIP_STYLE = debugging;
				VALID_ARCHS = "armv7 armv7s arm64";
			};
			name = Debug;
		};
		480FEDDB1C54B3DF005594F1 /* Release */ = {
			isa = XCBuildConfiguration;
			buildSettings = {
				ASSETCATALOG_COMPILER_APPICON_NAME = AppIcon;
				CODE_SIGN_IDENTITY = "iPhone Distribution";
				"CODE_SIGN_IDENTITY[sdk=iphoneos*]" = "iPhone Distribution";
				INFOPLIST_FILE = OneTrickPony_Podcaster/Info.plist;
				IPHONEOS_DEPLOYMENT_TARGET = 8.0;
				LD_RUNPATH_SEARCH_PATHS = "$(inherited) @executable_path/Frameworks";
				ONLY_ACTIVE_ARCH = NO;
				PRODUCT_BUNDLE_IDENTIFIER = de.holgerkrupp.DML;
				PRODUCT_NAME = DML;
				PROVISIONING_PROFILE = "";
				STRIP_INSTALLED_PRODUCT = NO;
				STRIP_STYLE = debugging;
				VALID_ARCHS = "armv7 armv7s arm64";
			};
			name = Release;
		};
		480FEDDD1C54B3DF005594F1 /* Debug */ = {
			isa = XCBuildConfiguration;
			buildSettings = {
				BUNDLE_LOADER = "$(TEST_HOST)";
				INFOPLIST_FILE = OneTrickPony_PodcasterTests/Info.plist;
				LD_RUNPATH_SEARCH_PATHS = "$(inherited) @executable_path/Frameworks @loader_path/Frameworks";
				PRODUCT_BUNDLE_IDENTIFIER = "de.holgerkrupp.OneTrickPony-PodcasterTests";
				PRODUCT_NAME = "$(TARGET_NAME)";
				TEST_HOST = "$(BUILT_PRODUCTS_DIR)/OneTrickPony_Podcaster.app/OneTrickPony_Podcaster";
			};
			name = Debug;
		};
		480FEDDE1C54B3DF005594F1 /* Release */ = {
			isa = XCBuildConfiguration;
			buildSettings = {
				BUNDLE_LOADER = "$(TEST_HOST)";
				INFOPLIST_FILE = OneTrickPony_PodcasterTests/Info.plist;
				LD_RUNPATH_SEARCH_PATHS = "$(inherited) @executable_path/Frameworks @loader_path/Frameworks";
				PRODUCT_BUNDLE_IDENTIFIER = "de.holgerkrupp.OneTrickPony-PodcasterTests";
				PRODUCT_NAME = "$(TARGET_NAME)";
				TEST_HOST = "$(BUILT_PRODUCTS_DIR)/OneTrickPony_Podcaster.app/OneTrickPony_Podcaster";
			};
			name = Release;
		};
		480FEDE01C54B3DF005594F1 /* Debug */ = {
			isa = XCBuildConfiguration;
			buildSettings = {
				INFOPLIST_FILE = OneTrickPony_PodcasterUITests/Info.plist;
				LD_RUNPATH_SEARCH_PATHS = "$(inherited) @executable_path/Frameworks @loader_path/Frameworks";
				PRODUCT_BUNDLE_IDENTIFIER = "de.holgerkrupp.OneTrickPony-PodcasterUITests";
				PRODUCT_NAME = "$(TARGET_NAME)";
				TEST_TARGET_NAME = OneTrickPony_Podcaster;
				USES_XCTRUNNER = YES;
			};
			name = Debug;
		};
		480FEDE11C54B3DF005594F1 /* Release */ = {
			isa = XCBuildConfiguration;
			buildSettings = {
				INFOPLIST_FILE = OneTrickPony_PodcasterUITests/Info.plist;
				LD_RUNPATH_SEARCH_PATHS = "$(inherited) @executable_path/Frameworks @loader_path/Frameworks";
				PRODUCT_BUNDLE_IDENTIFIER = "de.holgerkrupp.OneTrickPony-PodcasterUITests";
				PRODUCT_NAME = "$(TARGET_NAME)";
				TEST_TARGET_NAME = OneTrickPony_Podcaster;
				USES_XCTRUNNER = YES;
			};
			name = Release;
		};
/* End XCBuildConfiguration section */

/* Begin XCConfigurationList section */
		480FEDA91C54B3DF005594F1 /* Build configuration list for PBXProject "DML" */ = {
			isa = XCConfigurationList;
			buildConfigurations = (
				480FEDD71C54B3DF005594F1 /* Debug */,
				480FEDD81C54B3DF005594F1 /* Release */,
			);
			defaultConfigurationIsVisible = 0;
			defaultConfigurationName = Release;
		};
		480FEDD91C54B3DF005594F1 /* Build configuration list for PBXNativeTarget "OneTrickPony_Podcaster" */ = {
			isa = XCConfigurationList;
			buildConfigurations = (
				480FEDDA1C54B3DF005594F1 /* Debug */,
				480FEDDB1C54B3DF005594F1 /* Release */,
			);
			defaultConfigurationIsVisible = 0;
			defaultConfigurationName = Release;
		};
		480FEDDC1C54B3DF005594F1 /* Build configuration list for PBXNativeTarget "OneTrickPony_PodcasterTests" */ = {
			isa = XCConfigurationList;
			buildConfigurations = (
				480FEDDD1C54B3DF005594F1 /* Debug */,
				480FEDDE1C54B3DF005594F1 /* Release */,
			);
			defaultConfigurationIsVisible = 0;
			defaultConfigurationName = Release;
		};
		480FEDDF1C54B3DF005594F1 /* Build configuration list for PBXNativeTarget "OneTrickPony_PodcasterUITests" */ = {
			isa = XCConfigurationList;
			buildConfigurations = (
				480FEDE01C54B3DF005594F1 /* Debug */,
				480FEDE11C54B3DF005594F1 /* Release */,
			);
			defaultConfigurationIsVisible = 0;
			defaultConfigurationName = Release;
		};
/* End XCConfigurationList section */
	};
	rootObject = 480FEDA61C54B3DF005594F1 /* Project object */;
}
